
Microsoft Visual Studio Solution File, Format Version 12.00
Project("{FAE04EC0-301F-11D3-BF4B-00C04F79EFBC}") = "LodeB26", "LodeB26\LodeB26.csproj", "{E9246C9D-1B65-424A-B4E9-BD77139A63E0}"
EndProject
Project("{FAE04EC0-301F-11D3-BF4B-00C04F79EFBC}") = "Menu", "Menu\Menu.csproj", "{3BD90018-2C69-4F2A-8C81-DA3464605E48}"
EndProject
Global
	GlobalSection(SolutionConfigurationPlatforms) = preSolution
		Debug|Any CPU = Debug|Any CPU
		Release|Any CPU = Release|Any CPU
	EndGlobalSection
	GlobalSection(ProjectConfigurationPlatforms) = postSolution
		{E9246C9D-1B65-424A-B4E9-BD77139A63E0}.Debug|Any CPU.ActiveCfg = Debug|Any CPU
		{E9246C9D-1B65-424A-B4E9-BD77139A63E0}.Debug|Any CPU.Build.0 = Debug|Any CPU
		{E9246C9D-1B65-424A-B4E9-BD77139A63E0}.Release|Any CPU.ActiveCfg = Release|Any CPU
		{E9246C9D-1B65-424A-B4E9-BD77139A63E0}.Release|Any CPU.Build.0 = Release|Any CPU
		{3BD90018-2C69-4F2A-8C81-DA3464605E48}.Debug|Any CPU.ActiveCfg = Debug|Any CPU
		{3BD90018-2C69-4F2A-8C81-DA3464605E48}.Debug|Any CPU.Build.0 = Debug|Any CPU
		{3BD90018-2C69-4F2A-8C81-DA3464605E48}.Release|Any CPU.ActiveCfg = Release|Any CPU
		{3BD90018-2C69-4F2A-8C81-DA3464605E48}.Release|Any CPU.Build.0 = Release|Any CPU
	EndGlobalSection
EndGlobal
